# This file was autogenerated by Stack.
# You should not edit this file by hand.
# For more information, please see the documentation at:
#   https://docs.haskellstack.org/en/stable/lock_files

packages:
- completed:
    hackage: hmatrix-0.20.2@sha256:0d79c947523faf70b4962d6bfa6c00672983ad749073971ace204dd71a149694,5226
    pantry-tree:
      sha256: e9dd4b69fc5301b55396df97c01713f26f404c7fbf6606955906eb04ffefc483
      size: 2228
  original:
    hackage: hmatrix-0.20.2
- completed:
    hackage: vector-0.13.1.0@sha256:bc032ccfb51d775eb6f4082c5fc02f5416b0ea0d6644a60d87677a6937f2d70d,9015
    pantry-tree:
      sha256: 02345da767b4f6f83d724b8a73d15efe3d19ea37bcae97386eaab0dbacb89a30
      size: 4093
  original:
    hackage: vector-0.13.1.0
- completed:
    hackage: text-2.0.2@sha256:71b5fa8c64d3c1fd0a08f993463220867b08290a2256e94b0952bf0e8f5a45cc,9905
    pantry-tree:
      sha256: 25f3b6dd211e30f9e0ef5047bb9f30df7a9296cf1043873e31558196dfe78676
      size: 7514
  original:
    hackage: text-2.0.2
- completed:
    hackage: cassava-0.5.3.1@sha256:613f9f7e5a835ee3d98b4445c67f7333f34910d6f343aa25e2a4b39d1c5c4aea,4973
    pantry-tree:
      sha256: 3717d2abc67e4e09cf543b9452555537c8657d4ae79fd331a844c1e60294643a
      size: 1614
  original:
    hackage: cassava-0.5.3.1
- completed:
    hackage: bytestring-0.11.5.3@sha256:3eee5d3658b657371d0f940f1f38feefc2ebdf8592a32d3d0734f28c61f80ba0,7595
    pantry-tree:
      sha256: bb97a05a67b1ea6c61af66e5abbbb0094bc397c1a930348442a41619026191ee
      size: 4019
  original:
    hackage: bytestring-0.11.5.3
- completed:
    hackage: unordered-containers-0.2.20@sha256:5a3e730fb548640f2ec050ec7517af67deede21de51e32bbebf6b7b222e6d0f5,3921
    pantry-tree:
      sha256: e124d3e17a760412629d670dccc24221cbb19d24ff442157e62620269cff0faa
      size: 1647
  original:
    hackage: unordered-containers-0.2.20
- completed:
    hackage: hashable-1.4.4.0@sha256:ae22238274c572aa91e90c6c353e7206386708912ac5e6dc40ac61d1dcc553db,5216
    pantry-tree:
      sha256: cd91ec6f09475d2d0b2cf49565a488c21694be0d46bf29565f9258f5f41a3a84
      size: 1249
  original:
    hackage: hashable-1.4.4.0
snapshots:
- completed:
    sha256: 8e7996960d864443a66eb4105338bbdd6830377b9f6f99cd5527ef73c10c01e7
    size: 719128
    url: https://raw.githubusercontent.com/commercialhaskell/stackage-snapshots/master/lts/22/26.yaml
  original: lts-22.26
